
Microsoft Visual Studio Solution File, Format Version 12.00
# Visual Studio 15
Project("{FAE04EC0-301F-11D3-BF4B-00C04F79EFBC}") = "CringeMod", "CringeMod.csproj", "{A73C9AFC-2DF4-4FA2-BBA6-D0330B3CB8FF}"
EndProject
Global
	GlobalSection(SolutionConfigurationPlatforms) = preSolution
		Debug|Any CPU = Debug|Any CPU
		Release|Any CPU = Release|Any CPU
	EndGlobalSection
	GlobalSection(ProjectConfigurationPlatforms) = postSolution
		{A73C9AFC-2DF4-4FA2-BBA6-D0330B3CB8FF}.Debug|Any CPU.ActiveCfg = Debug|Any CPU
		{A73C9AFC-2DF4-4FA2-BBA6-D0330B3CB8FF}.Debug|Any CPU.Build.0 = Debug|Any CPU
		{A73C9AFC-2DF4-4FA2-BBA6-D0330B3CB8FF}.Release|Any CPU.ActiveCfg = Release|Any CPU
		{A73C9AFC-2DF4-4FA2-BBA6-D0330B3CB8FF}.Release|Any CPU.Build.0 = Release|Any CPU
	EndGlobalSection
EndGlobal
